
Microsoft Visual Studio Solution File, Format Version 12.00
Project("{FAE04EC0-301F-11D3-BF4B-00C04F79EFBC}") = "TechnicalTask_Vertex", "TechnicalTask_Vertex\TechnicalTask_Vertex.csproj", "{47A6CB73-C82C-4D92-A6EA-C0047ACB7D45}"
EndProject
Global
	GlobalSection(SolutionConfigurationPlatforms) = preSolution
		Debug|Any CPU = Debug|Any CPU
		Release|Any CPU = Release|Any CPU
	EndGlobalSection
	GlobalSection(ProjectConfigurationPlatforms) = postSolution
		{47A6CB73-C82C-4D92-A6EA-C0047ACB7D45}.Debug|Any CPU.ActiveCfg = Debug|Any CPU
		{47A6CB73-C82C-4D92-A6EA-C0047ACB7D45}.Debug|Any CPU.Build.0 = Debug|Any CPU
		{47A6CB73-C82C-4D92-A6EA-C0047ACB7D45}.Release|Any CPU.ActiveCfg = Release|Any CPU
		{47A6CB73-C82C-4D92-A6EA-C0047ACB7D45}.Release|Any CPU.Build.0 = Release|Any CPU
	EndGlobalSection
EndGlobal
